{
  "name": "2023-cecs-senior-project",
  "lockfileVersion": 3,
  "requires": true,
  "packages": {
    "": {
      "dependencies": {
        "material-design-icons-iconfont": "^6.7.0"
      }
    },
    "node_modules/material-design-icons-iconfont": {
      "version": "6.7.0",
      "resolved": "https://registry.npmjs.org/material-design-icons-iconfont/-/material-design-icons-iconfont-6.7.0.tgz",
      "integrity": "sha512-lSj71DgVv20kO0kGbs42icDzbRot61gEDBLQACzkUuznRQBUYmbxzEkGU6dNBb5fRWHMaScYlAXX96HQ4/cJWA=="
    }
  }
}
